// !$*UTF8*$!
{
	archiveVersion = 1;
	classes = {
	};
	objectVersion = 56;
	objects = {

/* Begin PBXBuildFile section */
		4B0566CF2C3CCCFB00449C29 /* XCTestCase+FeedLoader.swift in Sources */ = {isa = PBXBuildFile; fileRef = 4B0566CE2C3CCCFB00449C29 /* XCTestCase+FeedLoader.swift */; };
		4B0566D32C3D53E900449C29 /* FeedLoaderCacheDecorator.swift in Sources */ = {isa = PBXBuildFile; fileRef = 4B0566D22C3D53E900449C29 /* FeedLoaderCacheDecorator.swift */; };
		4B0566D52C3D554E00449C29 /* FeedImageDataLoaderCacheDecoratorTests.swift in Sources */ = {isa = PBXBuildFile; fileRef = 4B0566D42C3D554E00449C29 /* FeedImageDataLoaderCacheDecoratorTests.swift */; };
		4B0566D72C3D5C7D00449C29 /* FeedImageDataLoaderSpy.swift in Sources */ = {isa = PBXBuildFile; fileRef = 4B0566D62C3D5C7D00449C29 /* FeedImageDataLoaderSpy.swift */; };
		4B0566D92C3D5CEE00449C29 /* XCTestCase+FeedImageDataLoader.swift in Sources */ = {isa = PBXBuildFile; fileRef = 4B0566D82C3D5CEE00449C29 /* XCTestCase+FeedImageDataLoader.swift */; };
		4B0566DD2C3D679900449C29 /* FeedImageDataLoaderCacheDecorator.swift in Sources */ = {isa = PBXBuildFile; fileRef = 4B0566DC2C3D679900449C29 /* FeedImageDataLoaderCacheDecorator.swift */; };
		4B4A06452C4FE847003FF580 /* UIView+TestHelpers.swift in Sources */ = {isa = PBXBuildFile; fileRef = 4B4A06442C4FE847003FF580 /* UIView+TestHelpers.swift */; };
		4B6631762C495A25008050F1 /* HTTPClientStub.swift in Sources */ = {isa = PBXBuildFile; fileRef = 4B6631752C495A25008050F1 /* HTTPClientStub.swift */; };
		4B6631782C495A6B008050F1 /* InMemoryFeedStore.swift in Sources */ = {isa = PBXBuildFile; fileRef = 4B6631772C495A6B008050F1 /* InMemoryFeedStore.swift */; };
		4B806E052C48066E00D892B4 /* SceneDelegateTests.swift in Sources */ = {isa = PBXBuildFile; fileRef = 4B806E042C48066E00D892B4 /* SceneDelegateTests.swift */; };
		4B806E182C480A8800D892B4 /* FeedLoaderPresentationAdapter.swift in Sources */ = {isa = PBXBuildFile; fileRef = 4B806E122C480A8700D892B4 /* FeedLoaderPresentationAdapter.swift */; };
		4B806E192C480A8800D892B4 /* WeakRefVirtualProxy.swift in Sources */ = {isa = PBXBuildFile; fileRef = 4B806E132C480A8800D892B4 /* WeakRefVirtualProxy.swift */; };
		4B806E1A2C480A8800D892B4 /* MainQueueDispatchDecorator.swift in Sources */ = {isa = PBXBuildFile; fileRef = 4B806E142C480A8800D892B4 /* MainQueueDispatchDecorator.swift */; };
		4B806E1B2C480A8800D892B4 /* FeedUIComposer.swift in Sources */ = {isa = PBXBuildFile; fileRef = 4B806E152C480A8800D892B4 /* FeedUIComposer.swift */; };
		4B806E1C2C480A8800D892B4 /* FeedImageDataLoaderPresentationAdapter.swift in Sources */ = {isa = PBXBuildFile; fileRef = 4B806E162C480A8800D892B4 /* FeedImageDataLoaderPresentationAdapter.swift */; };
		4B806E1D2C480A8800D892B4 /* FeedViewAdapter.swift in Sources */ = {isa = PBXBuildFile; fileRef = 4B806E172C480A8800D892B4 /* FeedViewAdapter.swift */; };
		4B806E272C480ABF00D892B4 /* FeedImageCell+TestHelpers.swift in Sources */ = {isa = PBXBuildFile; fileRef = 4B806E212C480ABE00D892B4 /* FeedImageCell+TestHelpers.swift */; };
		4B806E282C480ABF00D892B4 /* FeedViewController+TestHelpers.swift in Sources */ = {isa = PBXBuildFile; fileRef = 4B806E252C480ABE00D892B4 /* FeedViewController+TestHelpers.swift */; };
		4B806E292C480ABF00D892B4 /* FeedUIIntegrationTests+Assertions.swift in Sources */ = {isa = PBXBuildFile; fileRef = 4B806E262C480ABE00D892B4 /* FeedUIIntegrationTests+Assertions.swift */; };
		4B806E2A2C480ABF00D892B4 /* UIControl+TestHelpers.swift in Sources */ = {isa = PBXBuildFile; fileRef = 4B806E1E2C480ABE00D892B4 /* UIControl+TestHelpers.swift */; };
		4B806E2B2C480ABF00D892B4 /* UIButton+TestHelpers.swift in Sources */ = {isa = PBXBuildFile; fileRef = 4B806E232C480ABE00D892B4 /* UIButton+TestHelpers.swift */; };
		4B806E2C2C480ABF00D892B4 /* UIImage+TestHelpers.swift in Sources */ = {isa = PBXBuildFile; fileRef = 4B806E222C480ABE00D892B4 /* UIImage+TestHelpers.swift */; };
		4B806E2D2C480ABF00D892B4 /* FeedUIIntegrationTests+LoaderSpy.swift in Sources */ = {isa = PBXBuildFile; fileRef = 4B806E202C480ABE00D892B4 /* FeedUIIntegrationTests+LoaderSpy.swift */; };
		4B806E2E2C480ABF00D892B4 /* FeedUIIntegrationTests+Localization.swift in Sources */ = {isa = PBXBuildFile; fileRef = 4B806E1F2C480ABE00D892B4 /* FeedUIIntegrationTests+Localization.swift */; };
		4B806E2F2C480ABF00D892B4 /* UIRefreshControl+TestHelpers.swift in Sources */ = {isa = PBXBuildFile; fileRef = 4B806E242C480ABE00D892B4 /* UIRefreshControl+TestHelpers.swift */; };
		4B806E332C480B1500D892B4 /* FeedUIIntegrationTests.swift in Sources */ = {isa = PBXBuildFile; fileRef = 4B806E322C480B1500D892B4 /* FeedUIIntegrationTests.swift */; };
		4B806E352C480E8400D892B4 /* FeedAcceptanceTests.swift in Sources */ = {isa = PBXBuildFile; fileRef = 4B806E342C480E8400D892B4 /* FeedAcceptanceTests.swift */; };
		4B80AA0D2C31A5AD00E32311 /* FeedLoaderWithFallbackComposite.swift in Sources */ = {isa = PBXBuildFile; fileRef = 4B80AA0C2C31A5AD00E32311 /* FeedLoaderWithFallbackComposite.swift */; };
		4B80AA0F2C324B3300E32311 /* FeedImageDataLoaderWithFallbackCompositeTests.swift in Sources */ = {isa = PBXBuildFile; fileRef = 4B80AA0E2C324B3300E32311 /* FeedImageDataLoaderWithFallbackCompositeTests.swift */; };
		4B80AA112C33A38D00E32311 /* FeedImageDataLoaderWithFallbackComposite.swift in Sources */ = {isa = PBXBuildFile; fileRef = 4B80AA102C33A38D00E32311 /* FeedImageDataLoaderWithFallbackComposite.swift */; };
		4B80AA132C33A42600E32311 /* XCTestCase+MemoryLeakTracking.swift in Sources */ = {isa = PBXBuildFile; fileRef = 4B80AA122C33A42600E32311 /* XCTestCase+MemoryLeakTracking.swift */; };
		4B80AA162C33A4C600E32311 /* SharedTestHelpers.swift in Sources */ = {isa = PBXBuildFile; fileRef = 4B80AA152C33A4C600E32311 /* SharedTestHelpers.swift */; };
		4B9CA12D2C3C262700CAE55C /* FeedLoaderCacheDecoratorTests.swift in Sources */ = {isa = PBXBuildFile; fileRef = 4B9CA12C2C3C262700CAE55C /* FeedLoaderCacheDecoratorTests.swift */; };
		4B9CA12F2C3CCB8100CAE55C /* FeedLoaderStub.swift in Sources */ = {isa = PBXBuildFile; fileRef = 4B9CA12E2C3CCB8100CAE55C /* FeedLoaderStub.swift */; };
		4BE9085A2C306283001BA094 /* AppDelegate.swift in Sources */ = {isa = PBXBuildFile; fileRef = 4BE908592C306283001BA094 /* AppDelegate.swift */; };
		4BE9085C2C306283001BA094 /* SceneDelegate.swift in Sources */ = {isa = PBXBuildFile; fileRef = 4BE9085B2C306283001BA094 /* SceneDelegate.swift */; };
		4BE9085E2C306283001BA094 /* ViewController.swift in Sources */ = {isa = PBXBuildFile; fileRef = 4BE9085D2C306283001BA094 /* ViewController.swift */; };
		4BE908632C306284001BA094 /* Assets.xcassets in Resources */ = {isa = PBXBuildFile; fileRef = 4BE908622C306284001BA094 /* Assets.xcassets */; };
		4BE908662C306284001BA094 /* Base in Resources */ = {isa = PBXBuildFile; fileRef = 4BE908652C306284001BA094 /* Base */; };
		4BE908932C3066D1001BA094 /* FeedLoaderWithFallbackCompositeTests.swift in Sources */ = {isa = PBXBuildFile; fileRef = 4BE908922C3066D1001BA094 /* FeedLoaderWithFallbackCompositeTests.swift */; };
		4BFEB91C2C633D1B0008961E /* EssentialFeed.framework in Frameworks */ = {isa = PBXBuildFile; fileRef = 4BE9088B2C306523001BA094 /* EssentialFeed.framework */; };
		4BFEB91D2C633D1B0008961E /* EssentialFeed.framework in Embed Frameworks */ = {isa = PBXBuildFile; fileRef = 4BE9088B2C306523001BA094 /* EssentialFeed.framework */; settings = {ATTRIBUTES = (CodeSignOnCopy, RemoveHeadersOnCopy, ); }; };
		4BFEB91E2C633D1B0008961E /* EssentialFeediOS.framework in Frameworks */ = {isa = PBXBuildFile; fileRef = 4BE9088C2C306523001BA094 /* EssentialFeediOS.framework */; };
		4BFEB91F2C633D1B0008961E /* EssentialFeediOS.framework in Embed Frameworks */ = {isa = PBXBuildFile; fileRef = 4BE9088C2C306523001BA094 /* EssentialFeediOS.framework */; settings = {ATTRIBUTES = (CodeSignOnCopy, RemoveHeadersOnCopy, ); }; };
/* End PBXBuildFile section */

/* Begin PBXContainerItemProxy section */
		4BE9086D2C306284001BA094 /* PBXContainerItemProxy */ = {
			isa = PBXContainerItemProxy;
			containerPortal = 4BE9084E2C306283001BA094 /* Project object */;
			proxyType = 1;
			remoteGlobalIDString = 4BE908552C306283001BA094;
			remoteInfo = EssentialApp;
		};
/* End PBXContainerItemProxy section */

/* Begin PBXCopyFilesBuildPhase section */
		4BFEB9202C633D1B0008961E /* Embed Frameworks */ = {
			isa = PBXCopyFilesBuildPhase;
			buildActionMask = 2147483647;
			dstPath = "";
			dstSubfolderSpec = 10;
			files = (
				4BFEB91D2C633D1B0008961E /* EssentialFeed.framework in Embed Frameworks */,
				4BFEB91F2C633D1B0008961E /* EssentialFeediOS.framework in Embed Frameworks */,
			);
			name = "Embed Frameworks";
			runOnlyForDeploymentPostprocessing = 0;
		};
/* End PBXCopyFilesBuildPhase section */

/* Begin PBXFileReference section */
		4B0566CE2C3CCCFB00449C29 /* XCTestCase+FeedLoader.swift */ = {isa = PBXFileReference; lastKnownFileType = sourcecode.swift; path = "XCTestCase+FeedLoader.swift"; sourceTree = "<group>"; };
		4B0566D22C3D53E900449C29 /* FeedLoaderCacheDecorator.swift */ = {isa = PBXFileReference; lastKnownFileType = sourcecode.swift; path = FeedLoaderCacheDecorator.swift; sourceTree = "<group>"; };
		4B0566D42C3D554E00449C29 /* FeedImageDataLoaderCacheDecoratorTests.swift */ = {isa = PBXFileReference; lastKnownFileType = sourcecode.swift; path = FeedImageDataLoaderCacheDecoratorTests.swift; sourceTree = "<group>"; };
		4B0566D62C3D5C7D00449C29 /* FeedImageDataLoaderSpy.swift */ = {isa = PBXFileReference; lastKnownFileType = sourcecode.swift; path = FeedImageDataLoaderSpy.swift; sourceTree = "<group>"; };
		4B0566D82C3D5CEE00449C29 /* XCTestCase+FeedImageDataLoader.swift */ = {isa = PBXFileReference; lastKnownFileType = sourcecode.swift; path = "XCTestCase+FeedImageDataLoader.swift"; sourceTree = "<group>"; };
		4B0566DC2C3D679900449C29 /* FeedImageDataLoaderCacheDecorator.swift */ = {isa = PBXFileReference; lastKnownFileType = sourcecode.swift; path = FeedImageDataLoaderCacheDecorator.swift; sourceTree = "<group>"; };
		4B4A06442C4FE847003FF580 /* UIView+TestHelpers.swift */ = {isa = PBXFileReference; lastKnownFileType = sourcecode.swift; path = "UIView+TestHelpers.swift"; sourceTree = "<group>"; };
		4B6631752C495A25008050F1 /* HTTPClientStub.swift */ = {isa = PBXFileReference; lastKnownFileType = sourcecode.swift; path = HTTPClientStub.swift; sourceTree = "<group>"; };
		4B6631772C495A6B008050F1 /* InMemoryFeedStore.swift */ = {isa = PBXFileReference; lastKnownFileType = sourcecode.swift; path = InMemoryFeedStore.swift; sourceTree = "<group>"; };
		4B806E042C48066E00D892B4 /* SceneDelegateTests.swift */ = {isa = PBXFileReference; lastKnownFileType = sourcecode.swift; path = SceneDelegateTests.swift; sourceTree = "<group>"; };
		4B806E122C480A8700D892B4 /* FeedLoaderPresentationAdapter.swift */ = {isa = PBXFileReference; lastKnownFileType = sourcecode.swift; path = FeedLoaderPresentationAdapter.swift; sourceTree = "<group>"; };
		4B806E132C480A8800D892B4 /* WeakRefVirtualProxy.swift */ = {isa = PBXFileReference; lastKnownFileType = sourcecode.swift; path = WeakRefVirtualProxy.swift; sourceTree = "<group>"; };
		4B806E142C480A8800D892B4 /* MainQueueDispatchDecorator.swift */ = {isa = PBXFileReference; lastKnownFileType = sourcecode.swift; path = MainQueueDispatchDecorator.swift; sourceTree = "<group>"; };
		4B806E152C480A8800D892B4 /* FeedUIComposer.swift */ = {isa = PBXFileReference; lastKnownFileType = sourcecode.swift; path = FeedUIComposer.swift; sourceTree = "<group>"; };
		4B806E162C480A8800D892B4 /* FeedImageDataLoaderPresentationAdapter.swift */ = {isa = PBXFileReference; lastKnownFileType = sourcecode.swift; path = FeedImageDataLoaderPresentationAdapter.swift; sourceTree = "<group>"; };
		4B806E172C480A8800D892B4 /* FeedViewAdapter.swift */ = {isa = PBXFileReference; lastKnownFileType = sourcecode.swift; path = FeedViewAdapter.swift; sourceTree = "<group>"; };
		4B806E1E2C480ABE00D892B4 /* UIControl+TestHelpers.swift */ = {isa = PBXFileReference; lastKnownFileType = sourcecode.swift; path = "UIControl+TestHelpers.swift"; sourceTree = "<group>"; };
		4B806E1F2C480ABE00D892B4 /* FeedUIIntegrationTests+Localization.swift */ = {isa = PBXFileReference; lastKnownFileType = sourcecode.swift; path = "FeedUIIntegrationTests+Localization.swift"; sourceTree = "<group>"; };
		4B806E202C480ABE00D892B4 /* FeedUIIntegrationTests+LoaderSpy.swift */ = {isa = PBXFileReference; lastKnownFileType = sourcecode.swift; path = "FeedUIIntegrationTests+LoaderSpy.swift"; sourceTree = "<group>"; };
		4B806E212C480ABE00D892B4 /* FeedImageCell+TestHelpers.swift */ = {isa = PBXFileReference; lastKnownFileType = sourcecode.swift; path = "FeedImageCell+TestHelpers.swift"; sourceTree = "<group>"; };
		4B806E222C480ABE00D892B4 /* UIImage+TestHelpers.swift */ = {isa = PBXFileReference; lastKnownFileType = sourcecode.swift; path = "UIImage+TestHelpers.swift"; sourceTree = "<group>"; };
		4B806E232C480ABE00D892B4 /* UIButton+TestHelpers.swift */ = {isa = PBXFileReference; lastKnownFileType = sourcecode.swift; path = "UIButton+TestHelpers.swift"; sourceTree = "<group>"; };
		4B806E242C480ABE00D892B4 /* UIRefreshControl+TestHelpers.swift */ = {isa = PBXFileReference; lastKnownFileType = sourcecode.swift; path = "UIRefreshControl+TestHelpers.swift"; sourceTree = "<group>"; };
		4B806E252C480ABE00D892B4 /* FeedViewController+TestHelpers.swift */ = {isa = PBXFileReference; lastKnownFileType = sourcecode.swift; path = "FeedViewController+TestHelpers.swift"; sourceTree = "<group>"; };
		4B806E262C480ABE00D892B4 /* FeedUIIntegrationTests+Assertions.swift */ = {isa = PBXFileReference; lastKnownFileType = sourcecode.swift; path = "FeedUIIntegrationTests+Assertions.swift"; sourceTree = "<group>"; };
		4B806E322C480B1500D892B4 /* FeedUIIntegrationTests.swift */ = {isa = PBXFileReference; lastKnownFileType = sourcecode.swift; path = FeedUIIntegrationTests.swift; sourceTree = "<group>"; };
		4B806E342C480E8400D892B4 /* FeedAcceptanceTests.swift */ = {isa = PBXFileReference; lastKnownFileType = sourcecode.swift; path = FeedAcceptanceTests.swift; sourceTree = "<group>"; };
		4B80AA0C2C31A5AD00E32311 /* FeedLoaderWithFallbackComposite.swift */ = {isa = PBXFileReference; lastKnownFileType = sourcecode.swift; path = FeedLoaderWithFallbackComposite.swift; sourceTree = "<group>"; };
		4B80AA0E2C324B3300E32311 /* FeedImageDataLoaderWithFallbackCompositeTests.swift */ = {isa = PBXFileReference; lastKnownFileType = sourcecode.swift; path = FeedImageDataLoaderWithFallbackCompositeTests.swift; sourceTree = "<group>"; };
		4B80AA102C33A38D00E32311 /* FeedImageDataLoaderWithFallbackComposite.swift */ = {isa = PBXFileReference; lastKnownFileType = sourcecode.swift; path = FeedImageDataLoaderWithFallbackComposite.swift; sourceTree = "<group>"; };
		4B80AA122C33A42600E32311 /* XCTestCase+MemoryLeakTracking.swift */ = {isa = PBXFileReference; lastKnownFileType = sourcecode.swift; path = "XCTestCase+MemoryLeakTracking.swift"; sourceTree = "<group>"; };
		4B80AA152C33A4C600E32311 /* SharedTestHelpers.swift */ = {isa = PBXFileReference; lastKnownFileType = sourcecode.swift; path = SharedTestHelpers.swift; sourceTree = "<group>"; };
		4B9CA12C2C3C262700CAE55C /* FeedLoaderCacheDecoratorTests.swift */ = {isa = PBXFileReference; lastKnownFileType = sourcecode.swift; path = FeedLoaderCacheDecoratorTests.swift; sourceTree = "<group>"; };
		4B9CA12E2C3CCB8100CAE55C /* FeedLoaderStub.swift */ = {isa = PBXFileReference; lastKnownFileType = sourcecode.swift; path = FeedLoaderStub.swift; sourceTree = "<group>"; };
		4BE908562C306283001BA094 /* EssentialApp.app */ = {isa = PBXFileReference; explicitFileType = wrapper.application; includeInIndex = 0; path = EssentialApp.app; sourceTree = BUILT_PRODUCTS_DIR; };
		4BE908592C306283001BA094 /* AppDelegate.swift */ = {isa = PBXFileReference; lastKnownFileType = sourcecode.swift; path = AppDelegate.swift; sourceTree = "<group>"; };
		4BE9085B2C306283001BA094 /* SceneDelegate.swift */ = {isa = PBXFileReference; lastKnownFileType = sourcecode.swift; path = SceneDelegate.swift; sourceTree = "<group>"; };
		4BE9085D2C306283001BA094 /* ViewController.swift */ = {isa = PBXFileReference; lastKnownFileType = sourcecode.swift; path = ViewController.swift; sourceTree = "<group>"; };
		4BE908622C306284001BA094 /* Assets.xcassets */ = {isa = PBXFileReference; lastKnownFileType = folder.assetcatalog; path = Assets.xcassets; sourceTree = "<group>"; };
		4BE908652C306284001BA094 /* Base */ = {isa = PBXFileReference; lastKnownFileType = file.storyboard; name = Base; path = Base.lproj/LaunchScreen.storyboard; sourceTree = "<group>"; };
		4BE908672C306284001BA094 /* Info.plist */ = {isa = PBXFileReference; lastKnownFileType = text.plist.xml; path = Info.plist; sourceTree = "<group>"; };
		4BE9086C2C306284001BA094 /* EssentialAppTests.xctest */ = {isa = PBXFileReference; explicitFileType = wrapper.cfbundle; includeInIndex = 0; path = EssentialAppTests.xctest; sourceTree = BUILT_PRODUCTS_DIR; };
		4BE908892C3062ED001BA094 /* EssentialApp.xctestplan */ = {isa = PBXFileReference; lastKnownFileType = text; path = EssentialApp.xctestplan; sourceTree = "<group>"; };
		4BE9088B2C306523001BA094 /* EssentialFeed.framework */ = {isa = PBXFileReference; explicitFileType = wrapper.framework; path = EssentialFeed.framework; sourceTree = BUILT_PRODUCTS_DIR; };
		4BE9088C2C306523001BA094 /* EssentialFeediOS.framework */ = {isa = PBXFileReference; explicitFileType = wrapper.framework; path = EssentialFeediOS.framework; sourceTree = BUILT_PRODUCTS_DIR; };
		4BE908922C3066D1001BA094 /* FeedLoaderWithFallbackCompositeTests.swift */ = {isa = PBXFileReference; lastKnownFileType = sourcecode.swift; path = FeedLoaderWithFallbackCompositeTests.swift; sourceTree = "<group>"; };
/* End PBXFileReference section */

/* Begin PBXFrameworksBuildPhase section */
		4BE908532C306283001BA094 /* Frameworks */ = {
			isa = PBXFrameworksBuildPhase;
			buildActionMask = 2147483647;
			files = (
				4BFEB91C2C633D1B0008961E /* EssentialFeed.framework in Frameworks */,
				4BFEB91E2C633D1B0008961E /* EssentialFeediOS.framework in Frameworks */,
			);
			runOnlyForDeploymentPostprocessing = 0;
		};
		4BE908692C306284001BA094 /* Frameworks */ = {
			isa = PBXFrameworksBuildPhase;
			buildActionMask = 2147483647;
			files = (
			);
			runOnlyForDeploymentPostprocessing = 0;
		};
/* End PBXFrameworksBuildPhase section */

/* Begin PBXGroup section */
		4B80AA142C33A42E00E32311 /* Helpers */ = {
			isa = PBXGroup;
			children = (
				4B806E222C480ABE00D892B4 /* UIImage+TestHelpers.swift */,
				4B806E242C480ABE00D892B4 /* UIRefreshControl+TestHelpers.swift */,
				4B806E232C480ABE00D892B4 /* UIButton+TestHelpers.swift */,
				4B806E1E2C480ABE00D892B4 /* UIControl+TestHelpers.swift */,
				4B806E212C480ABE00D892B4 /* FeedImageCell+TestHelpers.swift */,
				4B806E252C480ABE00D892B4 /* FeedViewController+TestHelpers.swift */,
				4B806E262C480ABE00D892B4 /* FeedUIIntegrationTests+Assertions.swift */,
				4B806E202C480ABE00D892B4 /* FeedUIIntegrationTests+LoaderSpy.swift */,
				4B806E1F2C480ABE00D892B4 /* FeedUIIntegrationTests+Localization.swift */,
				4B80AA122C33A42600E32311 /* XCTestCase+MemoryLeakTracking.swift */,
				4B0566CE2C3CCCFB00449C29 /* XCTestCase+FeedLoader.swift */,
				4B0566D82C3D5CEE00449C29 /* XCTestCase+FeedImageDataLoader.swift */,
				4B80AA152C33A4C600E32311 /* SharedTestHelpers.swift */,
				4B9CA12E2C3CCB8100CAE55C /* FeedLoaderStub.swift */,
				4B0566D62C3D5C7D00449C29 /* FeedImageDataLoaderSpy.swift */,
				4B6631752C495A25008050F1 /* HTTPClientStub.swift */,
				4B6631772C495A6B008050F1 /* InMemoryFeedStore.swift */,
				4B4A06442C4FE847003FF580 /* UIView+TestHelpers.swift */,
			);
			path = Helpers;
			sourceTree = "<group>";
		};
		4BE9084D2C306283001BA094 = {
			isa = PBXGroup;
			children = (
				4BE908582C306283001BA094 /* EssentialApp */,
				4BE9086F2C306284001BA094 /* EssentialAppTests */,
				4BE908572C306283001BA094 /* Products */,
				4BE9088A2C306523001BA094 /* Frameworks */,
			);
			sourceTree = "<group>";
		};
		4BE908572C306283001BA094 /* Products */ = {
			isa = PBXGroup;
			children = (
				4BE908562C306283001BA094 /* EssentialApp.app */,
				4BE9086C2C306284001BA094 /* EssentialAppTests.xctest */,
			);
			name = Products;
			sourceTree = "<group>";
		};
		4BE908582C306283001BA094 /* EssentialApp */ = {
			isa = PBXGroup;
			children = (
				4BE908592C306283001BA094 /* AppDelegate.swift */,
				4BE9085B2C306283001BA094 /* SceneDelegate.swift */,
				4B806E152C480A8800D892B4 /* FeedUIComposer.swift */,
				4B806E142C480A8800D892B4 /* MainQueueDispatchDecorator.swift */,
				4B806E132C480A8800D892B4 /* WeakRefVirtualProxy.swift */,
				4B806E162C480A8800D892B4 /* FeedImageDataLoaderPresentationAdapter.swift */,
				4B806E122C480A8700D892B4 /* FeedLoaderPresentationAdapter.swift */,
				4B806E172C480A8800D892B4 /* FeedViewAdapter.swift */,
				4B80AA0C2C31A5AD00E32311 /* FeedLoaderWithFallbackComposite.swift */,
				4B0566D22C3D53E900449C29 /* FeedLoaderCacheDecorator.swift */,
				4B80AA102C33A38D00E32311 /* FeedImageDataLoaderWithFallbackComposite.swift */,
				4B0566DC2C3D679900449C29 /* FeedImageDataLoaderCacheDecorator.swift */,
				4BE9085D2C306283001BA094 /* ViewController.swift */,
				4BE908622C306284001BA094 /* Assets.xcassets */,
				4BE908642C306284001BA094 /* LaunchScreen.storyboard */,
				4BE908672C306284001BA094 /* Info.plist */,
			);
			path = EssentialApp;
			sourceTree = "<group>";
		};
		4BE9086F2C306284001BA094 /* EssentialAppTests */ = {
			isa = PBXGroup;
			children = (
				4BE908892C3062ED001BA094 /* EssentialApp.xctestplan */,
				4B80AA142C33A42E00E32311 /* Helpers */,
				4B806E042C48066E00D892B4 /* SceneDelegateTests.swift */,
				4B806E322C480B1500D892B4 /* FeedUIIntegrationTests.swift */,
				4B806E342C480E8400D892B4 /* FeedAcceptanceTests.swift */,
				4BE908922C3066D1001BA094 /* FeedLoaderWithFallbackCompositeTests.swift */,
				4B80AA0E2C324B3300E32311 /* FeedImageDataLoaderWithFallbackCompositeTests.swift */,
				4B9CA12C2C3C262700CAE55C /* FeedLoaderCacheDecoratorTests.swift */,
				4B0566D42C3D554E00449C29 /* FeedImageDataLoaderCacheDecoratorTests.swift */,
			);
			path = EssentialAppTests;
			sourceTree = "<group>";
		};
		4BE9088A2C306523001BA094 /* Frameworks */ = {
			isa = PBXGroup;
			children = (
				4BE9088B2C306523001BA094 /* EssentialFeed.framework */,
				4BE9088C2C306523001BA094 /* EssentialFeediOS.framework */,
			);
			name = Frameworks;
			sourceTree = "<group>";
		};
/* End PBXGroup section */

/* Begin PBXNativeTarget section */
		4BE908552C306283001BA094 /* EssentialApp */ = {
			isa = PBXNativeTarget;
			buildConfigurationList = 4BE908802C306284001BA094 /* Build configuration list for PBXNativeTarget "EssentialApp" */;
			buildPhases = (
				4BE908522C306283001BA094 /* Sources */,
				4BE908532C306283001BA094 /* Frameworks */,
				4BE908542C306283001BA094 /* Resources */,
				4BFEB9202C633D1B0008961E /* Embed Frameworks */,
			);
			buildRules = (
			);
			dependencies = (
			);
			name = EssentialApp;
			productName = EssentialApp;
			productReference = 4BE908562C306283001BA094 /* EssentialApp.app */;
			productType = "com.apple.product-type.application";
		};
		4BE9086B2C306284001BA094 /* EssentialAppTests */ = {
			isa = PBXNativeTarget;
			buildConfigurationList = 4BE908832C306284001BA094 /* Build configuration list for PBXNativeTarget "EssentialAppTests" */;
			buildPhases = (
				4BE908682C306284001BA094 /* Sources */,
				4BE908692C306284001BA094 /* Frameworks */,
				4BE9086A2C306284001BA094 /* Resources */,
			);
			buildRules = (
			);
			dependencies = (
				4BE9086E2C306284001BA094 /* PBXTargetDependency */,
			);
			name = EssentialAppTests;
			productName = EssentialAppTests;
			productReference = 4BE9086C2C306284001BA094 /* EssentialAppTests.xctest */;
			productType = "com.apple.product-type.bundle.unit-test";
		};
/* End PBXNativeTarget section */

/* Begin PBXProject section */
		4BE9084E2C306283001BA094 /* Project object */ = {
			isa = PBXProject;
			attributes = {
				BuildIndependentTargetsInParallel = 1;
				LastSwiftUpdateCheck = 1540;
				LastUpgradeCheck = 1540;
				TargetAttributes = {
					4BE908552C306283001BA094 = {
						CreatedOnToolsVersion = 15.4;
					};
					4BE9086B2C306284001BA094 = {
						CreatedOnToolsVersion = 15.4;
						LastSwiftMigration = 1540;
						TestTargetID = 4BE908552C306283001BA094;
					};
				};
			};
			buildConfigurationList = 4BE908512C306283001BA094 /* Build configuration list for PBXProject "EssentialApp" */;
			compatibilityVersion = "Xcode 14.0";
			developmentRegion = en;
			hasScannedForEncodings = 0;
			knownRegions = (
				en,
				Base,
			);
			mainGroup = 4BE9084D2C306283001BA094;
			productRefGroup = 4BE908572C306283001BA094 /* Products */;
			projectDirPath = "";
			projectRoot = "";
			targets = (
				4BE908552C306283001BA094 /* EssentialApp */,
				4BE9086B2C306284001BA094 /* EssentialAppTests */,
			);
		};
/* End PBXProject section */

/* Begin PBXResourcesBuildPhase section */
		4BE908542C306283001BA094 /* Resources */ = {
			isa = PBXResourcesBuildPhase;
			buildActionMask = 2147483647;
			files = (
				4BE908632C306284001BA094 /* Assets.xcassets in Resources */,
				4BE908662C306284001BA094 /* Base in Resources */,
			);
			runOnlyForDeploymentPostprocessing = 0;
		};
		4BE9086A2C306284001BA094 /* Resources */ = {
			isa = PBXResourcesBuildPhase;
			buildActionMask = 2147483647;
			files = (
			);
			runOnlyForDeploymentPostprocessing = 0;
		};
/* End PBXResourcesBuildPhase section */

/* Begin PBXSourcesBuildPhase section */
		4BE908522C306283001BA094 /* Sources */ = {
			isa = PBXSourcesBuildPhase;
			buildActionMask = 2147483647;
			files = (
				4B806E1D2C480A8800D892B4 /* FeedViewAdapter.swift in Sources */,
				4B806E1A2C480A8800D892B4 /* MainQueueDispatchDecorator.swift in Sources */,
				4B806E1C2C480A8800D892B4 /* FeedImageDataLoaderPresentationAdapter.swift in Sources */,
				4B806E1B2C480A8800D892B4 /* FeedUIComposer.swift in Sources */,
				4BE9085E2C306283001BA094 /* ViewController.swift in Sources */,
				4BE9085A2C306283001BA094 /* AppDelegate.swift in Sources */,
				4B806E192C480A8800D892B4 /* WeakRefVirtualProxy.swift in Sources */,
				4B80AA0D2C31A5AD00E32311 /* FeedLoaderWithFallbackComposite.swift in Sources */,
				4B806E182C480A8800D892B4 /* FeedLoaderPresentationAdapter.swift in Sources */,
				4B0566D32C3D53E900449C29 /* FeedLoaderCacheDecorator.swift in Sources */,
				4BE9085C2C306283001BA094 /* SceneDelegate.swift in Sources */,
				4B80AA112C33A38D00E32311 /* FeedImageDataLoaderWithFallbackComposite.swift in Sources */,
				4B0566DD2C3D679900449C29 /* FeedImageDataLoaderCacheDecorator.swift in Sources */,
			);
			runOnlyForDeploymentPostprocessing = 0;
		};
		4BE908682C306284001BA094 /* Sources */ = {
			isa = PBXSourcesBuildPhase;
			buildActionMask = 2147483647;
			files = (
				4B80AA162C33A4C600E32311 /* SharedTestHelpers.swift in Sources */,
				4B806E2F2C480ABF00D892B4 /* UIRefreshControl+TestHelpers.swift in Sources */,
				4B0566D52C3D554E00449C29 /* FeedImageDataLoaderCacheDecoratorTests.swift in Sources */,
				4B0566CF2C3CCCFB00449C29 /* XCTestCase+FeedLoader.swift in Sources */,
				4B806E2A2C480ABF00D892B4 /* UIControl+TestHelpers.swift in Sources */,
				4B0566D92C3D5CEE00449C29 /* XCTestCase+FeedImageDataLoader.swift in Sources */,
				4B806E052C48066E00D892B4 /* SceneDelegateTests.swift in Sources */,
				4B806E292C480ABF00D892B4 /* FeedUIIntegrationTests+Assertions.swift in Sources */,
				4B806E332C480B1500D892B4 /* FeedUIIntegrationTests.swift in Sources */,
				4B9CA12D2C3C262700CAE55C /* FeedLoaderCacheDecoratorTests.swift in Sources */,
				4B0566D72C3D5C7D00449C29 /* FeedImageDataLoaderSpy.swift in Sources */,
				4B6631782C495A6B008050F1 /* InMemoryFeedStore.swift in Sources */,
				4B806E2C2C480ABF00D892B4 /* UIImage+TestHelpers.swift in Sources */,
				4B806E282C480ABF00D892B4 /* FeedViewController+TestHelpers.swift in Sources */,
				4B806E272C480ABF00D892B4 /* FeedImageCell+TestHelpers.swift in Sources */,
				4B806E2D2C480ABF00D892B4 /* FeedUIIntegrationTests+LoaderSpy.swift in Sources */,
				4B6631762C495A25008050F1 /* HTTPClientStub.swift in Sources */,
				4B80AA0F2C324B3300E32311 /* FeedImageDataLoaderWithFallbackCompositeTests.swift in Sources */,
				4B4A06452C4FE847003FF580 /* UIView+TestHelpers.swift in Sources */,
				4B806E2E2C480ABF00D892B4 /* FeedUIIntegrationTests+Localization.swift in Sources */,
				4BE908932C3066D1001BA094 /* FeedLoaderWithFallbackCompositeTests.swift in Sources */,
				4B806E352C480E8400D892B4 /* FeedAcceptanceTests.swift in Sources */,
				4B806E2B2C480ABF00D892B4 /* UIButton+TestHelpers.swift in Sources */,
				4B9CA12F2C3CCB8100CAE55C /* FeedLoaderStub.swift in Sources */,
				4B80AA132C33A42600E32311 /* XCTestCase+MemoryLeakTracking.swift in Sources */,
			);
			runOnlyForDeploymentPostprocessing = 0;
		};
/* End PBXSourcesBuildPhase section */

/* Begin PBXTargetDependency section */
		4BE9086E2C306284001BA094 /* PBXTargetDependency */ = {
			isa = PBXTargetDependency;
			target = 4BE908552C306283001BA094 /* EssentialApp */;
			targetProxy = 4BE9086D2C306284001BA094 /* PBXContainerItemProxy */;
		};
/* End PBXTargetDependency section */

/* Begin PBXVariantGroup section */
		4BE908642C306284001BA094 /* LaunchScreen.storyboard */ = {
			isa = PBXVariantGroup;
			children = (
				4BE908652C306284001BA094 /* Base */,
			);
			name = LaunchScreen.storyboard;
			sourceTree = "<group>";
		};
/* End PBXVariantGroup section */

/* Begin XCBuildConfiguration section */
		4BE9087E2C306284001BA094 /* Debug */ = {
			isa = XCBuildConfiguration;
			buildSettings = {
				ALWAYS_SEARCH_USER_PATHS = NO;
				ASSETCATALOG_COMPILER_GENERATE_SWIFT_ASSET_SYMBOL_EXTENSIONS = YES;
				CLANG_ANALYZER_NONNULL = YES;
				CLANG_ANALYZER_NUMBER_OBJECT_CONVERSION = YES_AGGRESSIVE;
				CLANG_CXX_LANGUAGE_STANDARD = "gnu++20";
				CLANG_ENABLE_MODULES = YES;
				CLANG_ENABLE_OBJC_ARC = YES;
				CLANG_ENABLE_OBJC_WEAK = YES;
				CLANG_WARN_BLOCK_CAPTURE_AUTORELEASING = YES;
				CLANG_WARN_BOOL_CONVERSION = YES;
				CLANG_WARN_COMMA = YES;
				CLANG_WARN_CONSTANT_CONVERSION = YES;
				CLANG_WARN_DEPRECATED_OBJC_IMPLEMENTATIONS = YES;
				CLANG_WARN_DIRECT_OBJC_ISA_USAGE = YES_ERROR;
				CLANG_WARN_DOCUMENTATION_COMMENTS = YES;
				CLANG_WARN_EMPTY_BODY = YES;
				CLANG_WARN_ENUM_CONVERSION = YES;
				CLANG_WARN_INFINITE_RECURSION = YES;
				CLANG_WARN_INT_CONVERSION = YES;
				CLANG_WARN_NON_LITERAL_NULL_CONVERSION = YES;
				CLANG_WARN_OBJC_IMPLICIT_RETAIN_SELF = YES;
				CLANG_WARN_OBJC_LITERAL_CONVERSION = YES;
				CLANG_WARN_OBJC_ROOT_CLASS = YES_ERROR;
				CLANG_WARN_QUOTED_INCLUDE_IN_FRAMEWORK_HEADER = YES;
				CLANG_WARN_RANGE_LOOP_ANALYSIS = YES;
				CLANG_WARN_STRICT_PROTOTYPES = YES;
				CLANG_WARN_SUSPICIOUS_MOVE = YES;
				CLANG_WARN_UNGUARDED_AVAILABILITY = YES_AGGRESSIVE;
				CLANG_WARN_UNREACHABLE_CODE = YES;
				CLANG_WARN__DUPLICATE_METHOD_MATCH = YES;
				COPY_PHASE_STRIP = NO;
				DEBUG_INFORMATION_FORMAT = dwarf;
				ENABLE_STRICT_OBJC_MSGSEND = YES;
				ENABLE_TESTABILITY = YES;
				ENABLE_USER_SCRIPT_SANDBOXING = YES;
				GCC_C_LANGUAGE_STANDARD = gnu17;
				GCC_DYNAMIC_NO_PIC = NO;
				GCC_NO_COMMON_BLOCKS = YES;
				GCC_OPTIMIZATION_LEVEL = 0;
				GCC_PREPROCESSOR_DEFINITIONS = (
					"DEBUG=1",
					"$(inherited)",
				);
				GCC_WARN_64_TO_32_BIT_CONVERSION = YES;
				GCC_WARN_ABOUT_RETURN_TYPE = YES_ERROR;
				GCC_WARN_UNDECLARED_SELECTOR = YES;
				GCC_WARN_UNINITIALIZED_AUTOS = YES_AGGRESSIVE;
				GCC_WARN_UNUSED_FUNCTION = YES;
				GCC_WARN_UNUSED_VARIABLE = YES;
				IPHONEOS_DEPLOYMENT_TARGET = 17.5;
				LOCALIZATION_PREFERS_STRING_CATALOGS = YES;
				MTL_ENABLE_DEBUG_INFO = INCLUDE_SOURCE;
				MTL_FAST_MATH = YES;
				ONLY_ACTIVE_ARCH = YES;
				SDKROOT = iphoneos;
				SWIFT_ACTIVE_COMPILATION_CONDITIONS = "DEBUG $(inherited)";
				SWIFT_OPTIMIZATION_LEVEL = "-Onone";
				VERSIONING_SYSTEM = "apple-generic";
			};
			name = Debug;
		};
		4BE9087F2C306284001BA094 /* Release */ = {
			isa = XCBuildConfiguration;
			buildSettings = {
				ALWAYS_SEARCH_USER_PATHS = NO;
				ASSETCATALOG_COMPILER_GENERATE_SWIFT_ASSET_SYMBOL_EXTENSIONS = YES;
				CLANG_ANALYZER_NONNULL = YES;
				CLANG_ANALYZER_NUMBER_OBJECT_CONVERSION = YES_AGGRESSIVE;
				CLANG_CXX_LANGUAGE_STANDARD = "gnu++20";
				CLANG_ENABLE_MODULES = YES;
				CLANG_ENABLE_OBJC_ARC = YES;
				CLANG_ENABLE_OBJC_WEAK = YES;
				CLANG_WARN_BLOCK_CAPTURE_AUTORELEASING = YES;
				CLANG_WARN_BOOL_CONVERSION = YES;
				CLANG_WARN_COMMA = YES;
				CLANG_WARN_CONSTANT_CONVERSION = YES;
				CLANG_WARN_DEPRECATED_OBJC_IMPLEMENTATIONS = YES;
				CLANG_WARN_DIRECT_OBJC_ISA_USAGE = YES_ERROR;
				CLANG_WARN_DOCUMENTATION_COMMENTS = YES;
				CLANG_WARN_EMPTY_BODY = YES;
				CLANG_WARN_ENUM_CONVERSION = YES;
				CLANG_WARN_INFINITE_RECURSION = YES;
				CLANG_WARN_INT_CONVERSION = YES;
				CLANG_WARN_NON_LITERAL_NULL_CONVERSION = YES;
				CLANG_WARN_OBJC_IMPLICIT_RETAIN_SELF = YES;
				CLANG_WARN_OBJC_LITERAL_CONVERSION = YES;
				CLANG_WARN_OBJC_ROOT_CLASS = YES_ERROR;
				CLANG_WARN_QUOTED_INCLUDE_IN_FRAMEWORK_HEADER = YES;
				CLANG_WARN_RANGE_LOOP_ANALYSIS = YES;
				CLANG_WARN_STRICT_PROTOTYPES = YES;
				CLANG_WARN_SUSPICIOUS_MOVE = YES;
				CLANG_WARN_UNGUARDED_AVAILABILITY = YES_AGGRESSIVE;
				CLANG_WARN_UNREACHABLE_CODE = YES;
				CLANG_WARN__DUPLICATE_METHOD_MATCH = YES;
				COPY_PHASE_STRIP = NO;
				DEBUG_INFORMATION_FORMAT = "dwarf-with-dsym";
				ENABLE_NS_ASSERTIONS = NO;
				ENABLE_STRICT_OBJC_MSGSEND = YES;
				ENABLE_USER_SCRIPT_SANDBOXING = YES;
				GCC_C_LANGUAGE_STANDARD = gnu17;
				GCC_NO_COMMON_BLOCKS = YES;
				GCC_WARN_64_TO_32_BIT_CONVERSION = YES;
				GCC_WARN_ABOUT_RETURN_TYPE = YES_ERROR;
				GCC_WARN_UNDECLARED_SELECTOR = YES;
				GCC_WARN_UNINITIALIZED_AUTOS = YES_AGGRESSIVE;
				GCC_WARN_UNUSED_FUNCTION = YES;
				GCC_WARN_UNUSED_VARIABLE = YES;
				IPHONEOS_DEPLOYMENT_TARGET = 17.5;
				LOCALIZATION_PREFERS_STRING_CATALOGS = YES;
				MTL_ENABLE_DEBUG_INFO = NO;
				MTL_FAST_MATH = YES;
				SDKROOT = iphoneos;
				SWIFT_COMPILATION_MODE = wholemodule;
				VALIDATE_PRODUCT = YES;
				VERSIONING_SYSTEM = "apple-generic";
			};
			name = Release;
		};
		4BE908812C306284001BA094 /* Debug */ = {
			isa = XCBuildConfiguration;
			buildSettings = {
				ASSETCATALOG_COMPILER_APPICON_NAME = AppIcon;
				ASSETCATALOG_COMPILER_GLOBAL_ACCENT_COLOR_NAME = AccentColor;
				"CODE_SIGN_IDENTITY[sdk=iphoneos*]" = "iPhone Developer";
				CODE_SIGN_STYLE = Manual;
				CURRENT_PROJECT_VERSION = 5;
				DEVELOPMENT_TEAM = "";
				"DEVELOPMENT_TEAM[sdk=iphoneos*]" = UEQ95NQCUE;
				GENERATE_INFOPLIST_FILE = YES;
				INFOPLIST_FILE = EssentialApp/Info.plist;
				INFOPLIST_KEY_UIApplicationSupportsIndirectInputEvents = YES;
				INFOPLIST_KEY_UILaunchStoryboardName = LaunchScreen;
				INFOPLIST_KEY_UIMainStoryboardFile = "";
				INFOPLIST_KEY_UISupportedInterfaceOrientations = UIInterfaceOrientationPortrait;
				INFOPLIST_KEY_UISupportedInterfaceOrientations_iPad = "UIInterfaceOrientationPortrait UIInterfaceOrientationPortraitUpsideDown UIInterfaceOrientationLandscapeLeft UIInterfaceOrientationLandscapeRight";
				IPHONEOS_DEPLOYMENT_TARGET = 17.4;
				LD_RUNPATH_SEARCH_PATHS = (
					"$(inherited)",
					"@executable_path/Frameworks",
				);
				MARKETING_VERSION = 1.0;
				PRODUCT_BUNDLE_IDENTIFIER = com.unownedself.EssentialApp;
				PRODUCT_NAME = "$(TARGET_NAME)";
				PROVISIONING_PROFILE_SPECIFIER = "";
				"PROVISIONING_PROFILE_SPECIFIER[sdk=iphoneos*]" = EssentialAppDevelopment;
				SUPPORTED_PLATFORMS = "iphoneos iphonesimulator";
				SUPPORTS_MACCATALYST = NO;
				SUPPORTS_MAC_DESIGNED_FOR_IPHONE_IPAD = NO;
				SUPPORTS_XR_DESIGNED_FOR_IPHONE_IPAD = NO;
				SWIFT_EMIT_LOC_STRINGS = YES;
				SWIFT_VERSION = 5.0;
				TARGETED_DEVICE_FAMILY = 1;
				VERSIONING_SYSTEM = "apple-generic";
			};
			name = Debug;
		};
		4BE908822C306284001BA094 /* Release */ = {
			isa = XCBuildConfiguration;
			buildSettings = {
				ASSETCATALOG_COMPILER_APPICON_NAME = AppIcon;
				ASSETCATALOG_COMPILER_GLOBAL_ACCENT_COLOR_NAME = AccentColor;
				"CODE_SIGN_IDENTITY[sdk=iphoneos*]" = "iPhone Distribution";
				CODE_SIGN_STYLE = Manual;
				CURRENT_PROJECT_VERSION = 5;
				DEVELOPMENT_TEAM = "";
				"DEVELOPMENT_TEAM[sdk=iphoneos*]" = UEQ95NQCUE;
				GENERATE_INFOPLIST_FILE = YES;
				INFOPLIST_FILE = EssentialApp/Info.plist;
				INFOPLIST_KEY_UIApplicationSupportsIndirectInputEvents = YES;
				INFOPLIST_KEY_UILaunchStoryboardName = LaunchScreen;
				INFOPLIST_KEY_UIMainStoryboardFile = "";
				INFOPLIST_KEY_UISupportedInterfaceOrientations = UIInterfaceOrientationPortrait;
				INFOPLIST_KEY_UISupportedInterfaceOrientations_iPad = "UIInterfaceOrientationPortrait UIInterfaceOrientationPortraitUpsideDown UIInterfaceOrientationLandscapeLeft UIInterfaceOrientationLandscapeRight";
				IPHONEOS_DEPLOYMENT_TARGET = 17.4;
				LD_RUNPATH_SEARCH_PATHS = (
					"$(inherited)",
					"@executable_path/Frameworks",
				);
				MARKETING_VERSION = 1.0;
				PRODUCT_BUNDLE_IDENTIFIER = com.unownedself.EssentialApp;
				PRODUCT_NAME = "$(TARGET_NAME)";
				PROVISIONING_PROFILE_SPECIFIER = "";
				"PROVISIONING_PROFILE_SPECIFIER[sdk=iphoneos*]" = EssentialAppDistribution;
				SUPPORTED_PLATFORMS = "iphoneos iphonesimulator";
				SUPPORTS_MACCATALYST = NO;
				SUPPORTS_MAC_DESIGNED_FOR_IPHONE_IPAD = NO;
				SUPPORTS_XR_DESIGNED_FOR_IPHONE_IPAD = NO;
				SWIFT_EMIT_LOC_STRINGS = YES;
				SWIFT_VERSION = 5.0;
				TARGETED_DEVICE_FAMILY = 1;
				VERSIONING_SYSTEM = "apple-generic";
			};
			name = Release;
		};
		4BE908842C306284001BA094 /* Debug */ = {
			isa = XCBuildConfiguration;
			buildSettings = {
				ALWAYS_EMBED_SWIFT_STANDARD_LIBRARIES = YES;
				BUNDLE_LOADER = "$(TEST_HOST)";
				CLANG_ENABLE_MODULES = YES;
				CODE_SIGN_STYLE = Manual;
				CURRENT_PROJECT_VERSION = 5;
				DEVELOPMENT_TEAM = "";
				"DEVELOPMENT_TEAM[sdk=iphoneos*]" = UEQ95NQCUE;
				"DEVELOPMENT_TEAM[sdk=macosx*]" = UEQ95NQCUE;
				GENERATE_INFOPLIST_FILE = YES;
				IPHONEOS_DEPLOYMENT_TARGET = 17.5;
				MARKETING_VERSION = 1.0;
				PRODUCT_BUNDLE_IDENTIFIER = com.unownedself.EssentialAppTests;
				PRODUCT_NAME = "$(TARGET_NAME)";
				PROVISIONING_PROFILE_SPECIFIER = "";
				SWIFT_EMIT_LOC_STRINGS = NO;
				SWIFT_OPTIMIZATION_LEVEL = "-Onone";
				SWIFT_VERSION = 5.0;
				TARGETED_DEVICE_FAMILY = "1,2";
				TEST_HOST = "$(BUILT_PRODUCTS_DIR)/EssentialApp.app/$(BUNDLE_EXECUTABLE_FOLDER_PATH)/EssentialApp";
			};
			name = Debug;
		};
		4BE908852C306284001BA094 /* Release */ = {
			isa = XCBuildConfiguration;
			buildSettings = {
				ALWAYS_EMBED_SWIFT_STANDARD_LIBRARIES = YES;
				BUNDLE_LOADER = "$(TEST_HOST)";
				CLANG_ENABLE_MODULES = YES;
				CODE_SIGN_STYLE = Manual;
				CURRENT_PROJECT_VERSION = 5;
				DEVELOPMENT_TEAM = "";
				"DEVELOPMENT_TEAM[sdk=iphoneos*]" = UEQ95NQCUE;
				"DEVELOPMENT_TEAM[sdk=macosx*]" = UEQ95NQCUE;
				GENERATE_INFOPLIST_FILE = YES;
				IPHONEOS_DEPLOYMENT_TARGET = 17.5;
				MARKETING_VERSION = 1.0;
				PRODUCT_BUNDLE_IDENTIFIER = com.unownedself.EssentialAppTests;
				PRODUCT_NAME = "$(TARGET_NAME)";
				PROVISIONING_PROFILE_SPECIFIER = "";
				SWIFT_EMIT_LOC_STRINGS = NO;
				SWIFT_VERSION = 5.0;
				TARGETED_DEVICE_FAMILY = "1,2";
				TEST_HOST = "$(BUILT_PRODUCTS_DIR)/EssentialApp.app/$(BUNDLE_EXECUTABLE_FOLDER_PATH)/EssentialApp";
			};
			name = Release;
		};
/* End XCBuildConfiguration section */

/* Begin XCConfigurationList section */
		4BE908512C306283001BA094 /* Build configuration list for PBXProject "EssentialApp" */ = {
			isa = XCConfigurationList;
			buildConfigurations = (
				4BE9087E2C306284001BA094 /* Debug */,
				4BE9087F2C306284001BA094 /* Release */,
			);
			defaultConfigurationIsVisible = 0;
			defaultConfigurationName = Release;
		};
		4BE908802C306284001BA094 /* Build configuration list for PBXNativeTarget "EssentialApp" */ = {
			isa = XCConfigurationList;
			buildConfigurations = (
				4BE908812C306284001BA094 /* Debug */,
				4BE908822C306284001BA094 /* Release */,
			);
			defaultConfigurationIsVisible = 0;
			defaultConfigurationName = Release;
		};
		4BE908832C306284001BA094 /* Build configuration list for PBXNativeTarget "EssentialAppTests" */ = {
			isa = XCConfigurationList;
			buildConfigurations = (
				4BE908842C306284001BA094 /* Debug */,
				4BE908852C306284001BA094 /* Release */,
			);
			defaultConfigurationIsVisible = 0;
			defaultConfigurationName = Release;
		};
/* End XCConfigurationList section */
	};
	rootObject = 4BE9084E2C306283001BA094 /* Project object */;
}
